
Microsoft Visual Studio Solution File, Format Version 12.00
# Visual Studio Version 17
VisualStudioVersion = 17.4.33213.308
MinimumVisualStudioVersion = 10.0.40219.1
Project("{FAE04EC0-301F-11D3-BF4B-00C04F79EFBC}") = "VariableExamples", "VariableExamples\VariableExamples.csproj", "{9EE3E9C7-BD2C-4346-B7FD-BAF81CC12286}"
EndProject
Global
	GlobalSection(SolutionConfigurationPlatforms) = preSolution
		Debug|Any CPU = Debug|Any CPU
		Release|Any CPU = Release|Any CPU
	EndGlobalSection
	GlobalSection(ProjectConfigurationPlatforms) = postSolution
		{9EE3E9C7-BD2C-4346-B7FD-BAF81CC12286}.Debug|Any CPU.ActiveCfg = Debug|Any CPU
		{9EE3E9C7-BD2C-4346-B7FD-BAF81CC12286}.Debug|Any CPU.Build.0 = Debug|Any CPU
		{9EE3E9C7-BD2C-4346-B7FD-BAF81CC12286}.Release|Any CPU.ActiveCfg = Release|Any CPU
		{9EE3E9C7-BD2C-4346-B7FD-BAF81CC12286}.Release|Any CPU.Build.0 = Release|Any CPU
	EndGlobalSection
	GlobalSection(SolutionProperties) = preSolution
		HideSolutionNode = FALSE
	EndGlobalSection
	GlobalSection(ExtensibilityGlobals) = postSolution
		SolutionGuid = {2327FB2B-0348-4D90-8252-40A55AA1DF42}
	EndGlobalSection
EndGlobal
